# THIS IS AN AUTOGENERATED FILE. DO NOT EDIT THIS FILE DIRECTLY.
# yarn lockfile v1


"@ethersproject/abi@^5.2.0", "@ethersproject/abi@5.2.0":
  "integrity" "sha512-24ExfHa0VbIOUHbB36b6lCVmWkaIVmrd9/m8MICtmSsRKzlugWqUD0B8g0zrRylXNxAOc3V6T4xKJ8jEDSvp3w=="
  "resolved" "https://registry.npmjs.org/@ethersproject/abi/-/abi-5.2.0.tgz"
  "version" "5.2.0"
  dependencies:
    "@ethersproject/address" "^5.2.0"
    "@ethersproject/bignumber" "^5.2.0"
    "@ethersproject/bytes" "^5.2.0"
    "@ethersproject/constants" "^5.2.0"
    "@ethersproject/hash" "^5.2.0"
    "@ethersproject/keccak256" "^5.2.0"
    "@ethersproject/logger" "^5.2.0"
    "@ethersproject/properties" "^5.2.0"
    "@ethersproject/strings" "^5.2.0"

"@ethersproject/abstract-provider@^5.2.0", "@ethersproject/abstract-provider@5.2.0":
  "integrity" "sha512-Xi7Pt+CulRijc/vskBGIaYMEhafKjoNx8y4RNj/dnSpXHXScOJUSTtypqGBUngZddRbcwZGbHwEr6DZoKZwIZA=="
  "resolved" "https://registry.npmjs.org/@ethersproject/abstract-provider/-/abstract-provider-5.2.0.tgz"
  "version" "5.2.0"
  dependencies:
    "@ethersproject/bignumber" "^5.2.0"
    "@ethersproject/bytes" "^5.2.0"
    "@ethersproject/logger" "^5.2.0"
    "@ethersproject/networks" "^5.2.0"
    "@ethersproject/properties" "^5.2.0"
    "@ethersproject/transactions" "^5.2.0"
    "@ethersproject/web" "^5.2.0"

"@ethersproject/abstract-signer@^5.2.0", "@ethersproject/abstract-signer@5.2.0":
  "integrity" "sha512-JTXzLUrtoxpOEq1ecH86U7tstkEa9POKAGbGBb+gicbjGgzYYkLR4/LD83SX2/JNWvtYyY8t5errt5ehiy1gxQ=="
  "resolved" "https://registry.npmjs.org/@ethersproject/abstract-signer/-/abstract-signer-5.2.0.tgz"
  "version" "5.2.0"
  dependencies:
    "@ethersproject/abstract-provider" "^5.2.0"
    "@ethersproject/bignumber" "^5.2.0"
    "@ethersproject/bytes" "^5.2.0"
    "@ethersproject/logger" "^5.2.0"
    "@ethersproject/properties" "^5.2.0"

"@ethersproject/address@^5.2.0", "@ethersproject/address@5.2.0":
  "integrity" "sha512-2YfZlalWefOEfnr/CdqKRrgMgbKidYc+zG4/ilxSdcryZSux3eBU5/5btAT/hSiaHipUjd8UrWK8esCBHU6QNQ=="
  "resolved" "https://registry.npmjs.org/@ethersproject/address/-/address-5.2.0.tgz"
  "version" "5.2.0"
  dependencies:
    "@ethersproject/bignumber" "^5.2.0"
    "@ethersproject/bytes" "^5.2.0"
    "@ethersproject/keccak256" "^5.2.0"
    "@ethersproject/logger" "^5.2.0"
    "@ethersproject/rlp" "^5.2.0"

"@ethersproject/base64@^5.2.0", "@ethersproject/base64@5.2.0":
  "integrity" "sha512-D9wOvRE90QBI+yFsKMv0hnANiMzf40Xicq9JZbV9XYzh7srImmwmMcReU2wHjOs9FtEgSJo51Tt+sI1dKPYKDg=="
  "resolved" "https://registry.npmjs.org/@ethersproject/base64/-/base64-5.2.0.tgz"
  "version" "5.2.0"
  dependencies:
    "@ethersproject/bytes" "^5.2.0"

"@ethersproject/basex@^5.2.0", "@ethersproject/basex@5.2.0":
  "integrity" "sha512-Oo7oX7BmaHLY/8ZsOLI5W0mrSwPBb1iboosN17jfK/4vGAtKjAInDai9I72CzN4NRJaMN5FkFLoPYywGqgGHlg=="
  "resolved" "https://registry.npmjs.org/@ethersproject/basex/-/basex-5.2.0.tgz"
  "version" "5.2.0"
  dependencies:
    "@ethersproject/bytes" "^5.2.0"
    "@ethersproject/properties" "^5.2.0"

"@ethersproject/bignumber@^5.2.0", "@ethersproject/bignumber@5.2.0":
  "integrity" "sha512-+MNQTxwV7GEiA4NH/i51UqQ+lY36O0rxPdV+0qzjFSySiyBlJpLk6aaa4UTvKmYWlI7YKZm6vuyCENeYn7qAOw=="
  "resolved" "https://registry.npmjs.org/@ethersproject/bignumber/-/bignumber-5.2.0.tgz"
  "version" "5.2.0"
  dependencies:
    "@ethersproject/bytes" "^5.2.0"
    "@ethersproject/logger" "^5.2.0"
    "bn.js" "^4.4.0"

"@ethersproject/bytes@^5.2.0", "@ethersproject/bytes@5.2.0":
  "integrity" "sha512-O1CRpvJDnRTB47vvW8vyqojUZxVookb4LJv/s06TotriU3Xje5WFvlvXJu1yTchtxTz9BbvJw0lFXKpyO6Dn7w=="
  "resolved" "https://registry.npmjs.org/@ethersproject/bytes/-/bytes-5.2.0.tgz"
  "version" "5.2.0"
  dependencies:
    "@ethersproject/logger" "^5.2.0"

"@ethersproject/constants@^5.2.0", "@ethersproject/constants@5.2.0":
  "integrity" "sha512-p+34YG0KbHS20NGdE+Ic0M6egzd7cDvcfoO9RpaAgyAYm3V5gJVqL7UynS87yCt6O6Nlx6wRFboPiM5ctAr+jA=="
  "resolved" "https://registry.npmjs.org/@ethersproject/constants/-/constants-5.2.0.tgz"
  "version" "5.2.0"
  dependencies:
    "@ethersproject/bignumber" "^5.2.0"

"@ethersproject/contracts@5.2.0":
  "integrity" "sha512-/2fg5tWPG6Z4pciEWpwGji3ggGA5j0ChVNF7NTmkOhvFrrJuWnRpzbvYA00nz8tBDNCOV3cwub5zfWRpgwYEJQ=="
  "resolved" "https://registry.npmjs.org/@ethersproject/contracts/-/contracts-5.2.0.tgz"
  "version" "5.2.0"
  dependencies:
    "@ethersproject/abi" "^5.2.0"
    "@ethersproject/abstract-provider" "^5.2.0"
    "@ethersproject/abstract-signer" "^5.2.0"
    "@ethersproject/address" "^5.2.0"
    "@ethersproject/bignumber" "^5.2.0"
    "@ethersproject/bytes" "^5.2.0"
    "@ethersproject/constants" "^5.2.0"
    "@ethersproject/logger" "^5.2.0"
    "@ethersproject/properties" "^5.2.0"
    "@ethersproject/transactions" "^5.2.0"

"@ethersproject/hash@^5.2.0", "@ethersproject/hash@5.2.0":
  "integrity" "sha512-wEGry2HFFSssFiNEkFWMzj1vpdFv4rQlkBp41UfL6J58zKGNycoAWimokITDMk8p7548MKr27h48QfERnNKkRw=="
  "resolved" "https://registry.npmjs.org/@ethersproject/hash/-/hash-5.2.0.tgz"
  "version" "5.2.0"
  dependencies:
    "@ethersproject/abstract-signer" "^5.2.0"
    "@ethersproject/address" "^5.2.0"
    "@ethersproject/bignumber" "^5.2.0"
    "@ethersproject/bytes" "^5.2.0"
    "@ethersproject/keccak256" "^5.2.0"
    "@ethersproject/logger" "^5.2.0"
    "@ethersproject/properties" "^5.2.0"
    "@ethersproject/strings" "^5.2.0"

"@ethersproject/hdnode@^5.2.0", "@ethersproject/hdnode@5.2.0":
  "integrity" "sha512-ffq2JrW5AftCmfWZ8DxpdWdw/x06Yn+e9wrWHLpj8If1+w87W4LbTMRUaUmO1DUSN8H8g/6kMUKCTJPVuxsuOw=="
  "resolved" "https://registry.npmjs.org/@ethersproject/hdnode/-/hdnode-5.2.0.tgz"
  "version" "5.2.0"
  dependencies:
    "@ethersproject/abstract-signer" "^5.2.0"
    "@ethersproject/basex" "^5.2.0"
    "@ethersproject/bignumber" "^5.2.0"
    "@ethersproject/bytes" "^5.2.0"
    "@ethersproject/logger" "^5.2.0"
    "@ethersproject/pbkdf2" "^5.2.0"
    "@ethersproject/properties" "^5.2.0"
    "@ethersproject/sha2" "^5.2.0"
    "@ethersproject/signing-key" "^5.2.0"
    "@ethersproject/strings" "^5.2.0"
    "@ethersproject/transactions" "^5.2.0"
    "@ethersproject/wordlists" "^5.2.0"

"@ethersproject/json-wallets@^5.2.0", "@ethersproject/json-wallets@5.2.0":
  "integrity" "sha512-iWxSm9XiugEtaehYD6w1ImmXeatjcGcrQvffZVJHH1UqV4FckDzrOYnZBRHPQRYlnhNVrGTld1+S0Cu4MB8gdw=="
  "resolved" "https://registry.npmjs.org/@ethersproject/json-wallets/-/json-wallets-5.2.0.tgz"
  "version" "5.2.0"
  dependencies:
    "@ethersproject/abstract-signer" "^5.2.0"
    "@ethersproject/address" "^5.2.0"
    "@ethersproject/bytes" "^5.2.0"
    "@ethersproject/hdnode" "^5.2.0"
    "@ethersproject/keccak256" "^5.2.0"
    "@ethersproject/logger" "^5.2.0"
    "@ethersproject/pbkdf2" "^5.2.0"
    "@ethersproject/properties" "^5.2.0"
    "@ethersproject/random" "^5.2.0"
    "@ethersproject/strings" "^5.2.0"
    "@ethersproject/transactions" "^5.2.0"
    "aes-js" "3.0.0"
    "scrypt-js" "3.0.1"

"@ethersproject/keccak256@^5.2.0", "@ethersproject/keccak256@5.2.0":
  "integrity" "sha512-LqyxTwVANga5Y3L1yo184czW6b3PibabN8xyE/eOulQLLfXNrHHhwrOTpOhoVRWCICVCD/5SjQfwqTrczjS7jQ=="
  "resolved" "https://registry.npmjs.org/@ethersproject/keccak256/-/keccak256-5.2.0.tgz"
  "version" "5.2.0"
  dependencies:
    "@ethersproject/bytes" "^5.2.0"
    "js-sha3" "0.5.7"

"@ethersproject/logger@^5.2.0", "@ethersproject/logger@5.2.0":
  "integrity" "sha512-dPZ6/E3YiArgG8dI/spGkaRDry7YZpCntf4gm/c6SI8Mbqiihd7q3nuLN5VvDap/0K3xm3RE1AIUOcUwwh2ezQ=="
  "resolved" "https://registry.npmjs.org/@ethersproject/logger/-/logger-5.2.0.tgz"
  "version" "5.2.0"

"@ethersproject/networks@^5.2.0", "@ethersproject/networks@5.2.0":
  "integrity" "sha512-q+htMgq7wQoEnjlkdHM6t1sktKxNbEB/F6DQBPNwru7KpQ1R0n0UTIXJB8Rb7lSnvjqcAQ40X3iVqm94NJfYDw=="
  "resolved" "https://registry.npmjs.org/@ethersproject/networks/-/networks-5.2.0.tgz"
  "version" "5.2.0"
  dependencies:
    "@ethersproject/logger" "^5.2.0"

"@ethersproject/pbkdf2@^5.2.0", "@ethersproject/pbkdf2@5.2.0":
  "integrity" "sha512-qKOoO6yir/qnAgg6OP3U4gRuZ6jl9P7xwggRu/spVfnuaR+wa490AatWLqB1WOXKf6JFjm5yOaT/T5fCICQVdQ=="
  "resolved" "https://registry.npmjs.org/@ethersproject/pbkdf2/-/pbkdf2-5.2.0.tgz"
  "version" "5.2.0"
  dependencies:
    "@ethersproject/bytes" "^5.2.0"
    "@ethersproject/sha2" "^5.2.0"

"@ethersproject/properties@^5.2.0", "@ethersproject/properties@5.2.0":
  "integrity" "sha512-oNFkzcoGwXXV+/Yp/MLcDLrL/2i360XIy2YN9yRZJPnIbLwjroFNLiRzLs6PyPw1D09Xs8OcPR1/nHv6xDKE2A=="
  "resolved" "https://registry.npmjs.org/@ethersproject/properties/-/properties-5.2.0.tgz"
  "version" "5.2.0"
  dependencies:
    "@ethersproject/logger" "^5.2.0"

"@ethersproject/providers@5.2.0":
  "integrity" "sha512-Yf/ZUqCrVr+jR0SHA9GuNZs4R1xnV9Ibnh1TlOa0ZzI6o+Qf8bEyE550k9bYI4zk2f9x9baX2RRs6BJY7Jz/WA=="
  "resolved" "https://registry.npmjs.org/@ethersproject/providers/-/providers-5.2.0.tgz"
  "version" "5.2.0"
  dependencies:
    "@ethersproject/abstract-provider" "^5.2.0"
    "@ethersproject/abstract-signer" "^5.2.0"
    "@ethersproject/address" "^5.2.0"
    "@ethersproject/basex" "^5.2.0"
    "@ethersproject/bignumber" "^5.2.0"
    "@ethersproject/bytes" "^5.2.0"
    "@ethersproject/constants" "^5.2.0"
    "@ethersproject/hash" "^5.2.0"
    "@ethersproject/logger" "^5.2.0"
    "@ethersproject/networks" "^5.2.0"
    "@ethersproject/properties" "^5.2.0"
    "@ethersproject/random" "^5.2.0"
    "@ethersproject/rlp" "^5.2.0"
    "@ethersproject/sha2" "^5.2.0"
    "@ethersproject/strings" "^5.2.0"
    "@ethersproject/transactions" "^5.2.0"
    "@ethersproject/web" "^5.2.0"
    "bech32" "1.1.4"
    "ws" "7.2.3"

"@ethersproject/random@^5.2.0", "@ethersproject/random@5.2.0":
  "integrity" "sha512-7Nd3qjivBGlDCGDuGYjPi8CXdtVhRZ7NeyBXoJgtnJBwn1S01ahrbMeOUVmRVWrFM0YiSEPEGo7i4xEu2gRPcg=="
  "resolved" "https://registry.npmjs.org/@ethersproject/random/-/random-5.2.0.tgz"
  "version" "5.2.0"
  dependencies:
    "@ethersproject/bytes" "^5.2.0"
    "@ethersproject/logger" "^5.2.0"

"@ethersproject/rlp@^5.2.0", "@ethersproject/rlp@5.2.0":
  "integrity" "sha512-RqGsELtPWxcFhOOhSr0lQ2hBNT9tBE08WK0tb6VQbCk97EpqkbgP8yXED9PZlWMiRGchJTw6S+ExzK62XMX/fw=="
  "resolved" "https://registry.npmjs.org/@ethersproject/rlp/-/rlp-5.2.0.tgz"
  "version" "5.2.0"
  dependencies:
    "@ethersproject/bytes" "^5.2.0"
    "@ethersproject/logger" "^5.2.0"

"@ethersproject/sha2@^5.2.0", "@ethersproject/sha2@5.2.0":
  "integrity" "sha512-Wqqptfn0PRO2mvmpktPW1HOLrrCyGtxhVQxO1ZyePoGrcEOurhICOlIvkTogoX4Q928D3Z9XtSSCUbdOJUF2kg=="
  "resolved" "https://registry.npmjs.org/@ethersproject/sha2/-/sha2-5.2.0.tgz"
  "version" "5.2.0"
  dependencies:
    "@ethersproject/bytes" "^5.2.0"
    "@ethersproject/logger" "^5.2.0"
    "hash.js" "1.1.3"

"@ethersproject/signing-key@^5.2.0", "@ethersproject/signing-key@5.2.0":
  "integrity" "sha512-9A+dVSkrVAPuhJnWqLWV/NkKi/KB4iagTKEuojfuApUfeIHEhpwQ0Jx3cBimk7qWISSSKdgiAmIqpvVtZ5FEkg=="
  "resolved" "https://registry.npmjs.org/@ethersproject/signing-key/-/signing-key-5.2.0.tgz"
  "version" "5.2.0"
  dependencies:
    "@ethersproject/bytes" "^5.2.0"
    "@ethersproject/logger" "^5.2.0"
    "@ethersproject/properties" "^5.2.0"
    "bn.js" "^4.4.0"
    "elliptic" "6.5.4"

"@ethersproject/solidity@5.2.0":
  "integrity" "sha512-EEFlNyEnONW3CWF8UGWPcqxJUHiaIoofO7itGwO/2gvGpnwlL+WUV+GmQoHNxmn+QJeOHspnZuh6NOVrJL6H1g=="
  "resolved" "https://registry.npmjs.org/@ethersproject/solidity/-/solidity-5.2.0.tgz"
  "version" "5.2.0"
  dependencies:
    "@ethersproject/bignumber" "^5.2.0"
    "@ethersproject/bytes" "^5.2.0"
    "@ethersproject/keccak256" "^5.2.0"
    "@ethersproject/sha2" "^5.2.0"
    "@ethersproject/strings" "^5.2.0"

"@ethersproject/strings@^5.2.0", "@ethersproject/strings@5.2.0":
  "integrity" "sha512-RmjX800wRYKgrzo2ZCSlA8OCQYyq4+M46VgjSVDVyYkLZctBXC3epqlppDA24R7eo856KNbXqezZsMnHT+sSuA=="
  "resolved" "https://registry.npmjs.org/@ethersproject/strings/-/strings-5.2.0.tgz"
  "version" "5.2.0"
  dependencies:
    "@ethersproject/bytes" "^5.2.0"
    "@ethersproject/constants" "^5.2.0"
    "@ethersproject/logger" "^5.2.0"

"@ethersproject/transactions@^5.2.0", "@ethersproject/transactions@5.2.0":
  "integrity" "sha512-QrGbhGYsouNNclUp3tWMbckMsuXJTOsA56kT3BuRrLlXJcUH7myIihajXdSfKcyJsvHJPrGZP+U3TKh+sLzZtg=="
  "resolved" "https://registry.npmjs.org/@ethersproject/transactions/-/transactions-5.2.0.tgz"
  "version" "5.2.0"
  dependencies:
    "@ethersproject/address" "^5.2.0"
    "@ethersproject/bignumber" "^5.2.0"
    "@ethersproject/bytes" "^5.2.0"
    "@ethersproject/constants" "^5.2.0"
    "@ethersproject/keccak256" "^5.2.0"
    "@ethersproject/logger" "^5.2.0"
    "@ethersproject/properties" "^5.2.0"
    "@ethersproject/rlp" "^5.2.0"
    "@ethersproject/signing-key" "^5.2.0"

"@ethersproject/units@5.2.0":
  "integrity" "sha512-yrwlyomXcBBHp5oSrLxlLkyHN7dVu3PO7hMbQXc00h388zU4TF3o/PAIUhh+x695wgJ19Fa8YgUWCab3a1RDwA=="
  "resolved" "https://registry.npmjs.org/@ethersproject/units/-/units-5.2.0.tgz"
  "version" "5.2.0"
  dependencies:
    "@ethersproject/bignumber" "^5.2.0"
    "@ethersproject/constants" "^5.2.0"
    "@ethersproject/logger" "^5.2.0"

"@ethersproject/wallet@5.2.0":
  "integrity" "sha512-uPdjZwUmAJLo1+ybR/G/rL9pv/NEcCqOsjn6RJFvG7RmwP2kS1v5C+F+ysgx2W/PxBIVT+2IEsfXLbBz8s/6Rg=="
  "resolved" "https://registry.npmjs.org/@ethersproject/wallet/-/wallet-5.2.0.tgz"
  "version" "5.2.0"
  dependencies:
    "@ethersproject/abstract-provider" "^5.2.0"
    "@ethersproject/abstract-signer" "^5.2.0"
    "@ethersproject/address" "^5.2.0"
    "@ethersproject/bignumber" "^5.2.0"
    "@ethersproject/bytes" "^5.2.0"
    "@ethersproject/hash" "^5.2.0"
    "@ethersproject/hdnode" "^5.2.0"
    "@ethersproject/json-wallets" "^5.2.0"
    "@ethersproject/keccak256" "^5.2.0"
    "@ethersproject/logger" "^5.2.0"
    "@ethersproject/properties" "^5.2.0"
    "@ethersproject/random" "^5.2.0"
    "@ethersproject/signing-key" "^5.2.0"
    "@ethersproject/transactions" "^5.2.0"
    "@ethersproject/wordlists" "^5.2.0"

"@ethersproject/web@^5.2.0", "@ethersproject/web@5.2.0":
  "integrity" "sha512-mYb9qxGlOBFR2pR6t1CZczuqqX6r8RQGn7MtwrBciMex3cvA/qs+wbmcDgl+/OZY0Pco/ih6WHQRnVi+4sBeCQ=="
  "resolved" "https://registry.npmjs.org/@ethersproject/web/-/web-5.2.0.tgz"
  "version" "5.2.0"
  dependencies:
    "@ethersproject/base64" "^5.2.0"
    "@ethersproject/bytes" "^5.2.0"
    "@ethersproject/logger" "^5.2.0"
    "@ethersproject/properties" "^5.2.0"
    "@ethersproject/strings" "^5.2.0"

"@ethersproject/wordlists@^5.2.0", "@ethersproject/wordlists@5.2.0":
  "integrity" "sha512-/7TG5r/Zm8Wd9WhoqQ4QnntgMkIfIZ8QVrpU81muiChLD26XLOgmyiqKPL7K058uYt7UZ0wzbXjxyCYadU3xFQ=="
  "resolved" "https://registry.npmjs.org/@ethersproject/wordlists/-/wordlists-5.2.0.tgz"
  "version" "5.2.0"
  dependencies:
    "@ethersproject/bytes" "^5.2.0"
    "@ethersproject/hash" "^5.2.0"
    "@ethersproject/logger" "^5.2.0"
    "@ethersproject/properties" "^5.2.0"
    "@ethersproject/strings" "^5.2.0"

"@tsconfig/node10@^1.0.7":
  "integrity" "sha512-aBvUmXLQbayM4w3A8TrjwrXs4DZ8iduJnuJLLRGdkWlyakCf1q6uHZJBzXoRA/huAEknG5tcUyQxN3A+In5euQ=="
  "resolved" "https://registry.npmjs.org/@tsconfig/node10/-/node10-1.0.7.tgz"
  "version" "1.0.7"

"@tsconfig/node12@^1.0.7":
  "integrity" "sha512-dgasobK/Y0wVMswcipr3k0HpevxFJLijN03A8mYfEPvWvOs14v0ZlYTR4kIgMx8g4+fTyTFv8/jLCIfRqLDJ4A=="
  "resolved" "https://registry.npmjs.org/@tsconfig/node12/-/node12-1.0.7.tgz"
  "version" "1.0.7"

"@tsconfig/node14@^1.0.0":
  "integrity" "sha512-RKkL8eTdPv6t5EHgFKIVQgsDapugbuOptNd9OOunN/HAkzmmTnZELx1kNCK0rSdUYGmiFMM3rRQMAWiyp023LQ=="
  "resolved" "https://registry.npmjs.org/@tsconfig/node14/-/node14-1.0.0.tgz"
  "version" "1.0.0"

"@tsconfig/node16@^1.0.1":
  "integrity" "sha512-FTgBI767POY/lKNDNbIzgAX6miIDBs6NTCbdlDb8TrWovHsSvaVIZDlTqym29C6UqhzwcJx4CYr+AlrMywA0cA=="
  "resolved" "https://registry.npmjs.org/@tsconfig/node16/-/node16-1.0.1.tgz"
  "version" "1.0.1"

"aes-js@3.0.0":
  "integrity" "sha1-4h3xCtbCBTKVvLuNq0Cwnb6ofk0="
  "resolved" "https://registry.npmjs.org/aes-js/-/aes-js-3.0.0.tgz"
  "version" "3.0.0"

"ansi-styles@^4.1.0":
  "integrity" "sha512-zbB9rCJAT1rbjiVDb2hqKFHNYLxgtk8NURxZ3IZwD3F6NtxbXZQCnnSi1Lkx+IDohdPlFp222wVALIheZJQSEg=="
  "resolved" "https://registry.npmjs.org/ansi-styles/-/ansi-styles-4.3.0.tgz"
  "version" "4.3.0"
  dependencies:
    "color-convert" "^2.0.1"

"arg@^4.1.0":
  "integrity" "sha512-58S9QDqG0Xx27YwPSt9fJxivjYl432YCwfDMfZ+71RAqUrZef7LrKQZ3LHLOwCS4FLNBplP533Zx895SeOCHvA=="
  "resolved" "https://registry.npmjs.org/arg/-/arg-4.1.3.tgz"
  "version" "4.1.3"

"bech32@1.1.4":
  "integrity" "sha512-s0IrSOzLlbvX7yp4WBfPITzpAU8sqQcpsmwXDiKwrG4r491vwCO/XpejasRNl0piBMe/DvP4Tz0mIS/X1DPJBQ=="
  "resolved" "https://registry.npmjs.org/bech32/-/bech32-1.1.4.tgz"
  "version" "1.1.4"

"bn.js@^4.11.9", "bn.js@^4.4.0":
  "integrity" "sha512-c98Bf3tPniI+scsdk237ku1Dc3ujXQTSgyiPUDEOe7tRkhrqridvh8klBv0HCEso1OLOYcHuCv/cS6DNxKH+ZA=="
  "resolved" "https://registry.npmjs.org/bn.js/-/bn.js-4.12.0.tgz"
  "version" "4.12.0"

"brorand@^1.1.0":
  "integrity" "sha1-EsJe/kCkXjwyPrhnWgoM5XsiNx8="
  "resolved" "https://registry.npmjs.org/brorand/-/brorand-1.1.0.tgz"
  "version" "1.1.0"

"buffer-from@^1.0.0":
  "integrity" "sha512-MQcXEUbCKtEo7bhqEs6560Hyd4XaovZlO/k9V3hjVUF/zwW7KBVdSK4gIt/bzwS9MbR5qob+F5jusZsb0YQK2A=="
  "resolved" "https://registry.npmjs.org/buffer-from/-/buffer-from-1.1.1.tgz"
  "version" "1.1.1"

"chalk@^4.1.1":
  "integrity" "sha512-diHzdDKxcU+bAsUboHLPEDQiw0qEe0qd7SYUn3HgcFlWgbDcfLGswOHYeGrHKzG9z6UYf01d9VFMfZxPM1xZSg=="
  "resolved" "https://registry.npmjs.org/chalk/-/chalk-4.1.1.tgz"
  "version" "4.1.1"
  dependencies:
    "ansi-styles" "^4.1.0"
    "supports-color" "^7.1.0"

"color-convert@^2.0.1":
  "integrity" "sha512-RRECPsj7iu/xb5oKYcsFHSppFNnsj/52OVTRKb4zP5onXwVF3zVmmToNcOfGC+CRDpfK/U584fMg38ZHCaElKQ=="
  "resolved" "https://registry.npmjs.org/color-convert/-/color-convert-2.0.1.tgz"
  "version" "2.0.1"
  dependencies:
    "color-name" "~1.1.4"

"color-name@~1.1.4":
  "integrity" "sha512-dOy+3AuW3a2wNbZHIuMZpTcgjGuLU/uBL/ubcZF9OXbDo8ff4O8yVp5Bf0efS8uEoYo5q4Fx7dY9OgQGXgAsQA=="
  "resolved" "https://registry.npmjs.org/color-name/-/color-name-1.1.4.tgz"
  "version" "1.1.4"

"create-require@^1.1.0":
  "integrity" "sha512-dcKFX3jn0MpIaXjisoRvexIJVEKzaq7z2rZKxf+MSr9TkdmHmsU4m2lcLojrj/FHl8mk5VxMmYA+ftRkP/3oKQ=="
  "resolved" "https://registry.npmjs.org/create-require/-/create-require-1.1.1.tgz"
  "version" "1.1.1"

"diff@^4.0.1":
  "integrity" "sha512-58lmxKSA4BNyLz+HHMUzlOEpg09FV+ev6ZMe3vJihgdxzgcwZ8VoEEPmALCZG9LmqfVoNMMKpttIYTVG6uDY7A=="
  "resolved" "https://registry.npmjs.org/diff/-/diff-4.0.2.tgz"
  "version" "4.0.2"

"dotenv@^10.0.0":
  "integrity" "sha512-rlBi9d8jpv9Sf1klPjNfFAuWDjKLwTIJJ/VxtoTwIR6hnZxcEOQCZg2oIL3MWBYw5GpUDKOEnND7LXTbIpQ03Q=="
  "resolved" "https://registry.npmjs.org/dotenv/-/dotenv-10.0.0.tgz"
  "version" "10.0.0"

"elliptic@6.5.4":
  "integrity" "sha512-iLhC6ULemrljPZb+QutR5TQGB+pdW6KGD5RSegS+8sorOZT+rdQFbsQFJgvN3eRqNALqJer4oQ16YvJHlU8hzQ=="
  "resolved" "https://registry.npmjs.org/elliptic/-/elliptic-6.5.4.tgz"
  "version" "6.5.4"
  dependencies:
    "bn.js" "^4.11.9"
    "brorand" "^1.1.0"
    "hash.js" "^1.0.0"
    "hmac-drbg" "^1.0.1"
    "inherits" "^2.0.4"
    "minimalistic-assert" "^1.0.1"
    "minimalistic-crypto-utils" "^1.0.1"

"ethers@^5.2.0":
  "integrity" "sha512-HqFGU2Qab0mAg3y1eHKVMXS4i1gTObMY0/4+x4LiO72NHhJL3Z795gnqyivmwG1J8e5NLSlRSfyIR7TL0Hw3ig=="
  "resolved" "https://registry.npmjs.org/ethers/-/ethers-5.2.0.tgz"
  "version" "5.2.0"
  dependencies:
    "@ethersproject/abi" "5.2.0"
    "@ethersproject/abstract-provider" "5.2.0"
    "@ethersproject/abstract-signer" "5.2.0"
    "@ethersproject/address" "5.2.0"
    "@ethersproject/base64" "5.2.0"
    "@ethersproject/basex" "5.2.0"
    "@ethersproject/bignumber" "5.2.0"
    "@ethersproject/bytes" "5.2.0"
    "@ethersproject/constants" "5.2.0"
    "@ethersproject/contracts" "5.2.0"
    "@ethersproject/hash" "5.2.0"
    "@ethersproject/hdnode" "5.2.0"
    "@ethersproject/json-wallets" "5.2.0"
    "@ethersproject/keccak256" "5.2.0"
    "@ethersproject/logger" "5.2.0"
    "@ethersproject/networks" "5.2.0"
    "@ethersproject/pbkdf2" "5.2.0"
    "@ethersproject/properties" "5.2.0"
    "@ethersproject/providers" "5.2.0"
    "@ethersproject/random" "5.2.0"
    "@ethersproject/rlp" "5.2.0"
    "@ethersproject/sha2" "5.2.0"
    "@ethersproject/signing-key" "5.2.0"
    "@ethersproject/solidity" "5.2.0"
    "@ethersproject/strings" "5.2.0"
    "@ethersproject/transactions" "5.2.0"
    "@ethersproject/units" "5.2.0"
    "@ethersproject/wallet" "5.2.0"
    "@ethersproject/web" "5.2.0"
    "@ethersproject/wordlists" "5.2.0"

"has-flag@^4.0.0":
  "integrity" "sha512-EykJT/Q1KjTWctppgIAgfSO0tKVuZUjhgMr17kqTumMl6Afv3EISleU7qZUzoXDFTAHTDC4NOoG/ZxU3EvlMPQ=="
  "resolved" "https://registry.npmjs.org/has-flag/-/has-flag-4.0.0.tgz"
  "version" "4.0.0"

"hash.js@^1.0.0", "hash.js@^1.0.3", "hash.js@1.1.3":
  "integrity" "sha512-/UETyP0W22QILqS+6HowevwhEFJ3MBJnwTf75Qob9Wz9t0DPuisL8kW8YZMK62dHAKE1c1p+gY1TtOLY+USEHA=="
  "resolved" "https://registry.npmjs.org/hash.js/-/hash.js-1.1.3.tgz"
  "version" "1.1.3"
  dependencies:
    "inherits" "^2.0.3"
    "minimalistic-assert" "^1.0.0"

"hmac-drbg@^1.0.1":
  "integrity" "sha1-0nRXAQJabHdabFRXk+1QL8DGSaE="
  "resolved" "https://registry.npmjs.org/hmac-drbg/-/hmac-drbg-1.0.1.tgz"
  "version" "1.0.1"
  dependencies:
    "hash.js" "^1.0.3"
    "minimalistic-assert" "^1.0.0"
    "minimalistic-crypto-utils" "^1.0.1"

"inherits@^2.0.3", "inherits@^2.0.4":
  "integrity" "sha512-k/vGaX4/Yla3WzyMCvTQOXYeIHvqOKtnqBduzTHpzpQZzAskKMhZ2K+EnBiSM9zGSoIFeMpXKxa4dYeZIQqewQ=="
  "resolved" "https://registry.npmjs.org/inherits/-/inherits-2.0.4.tgz"
  "version" "2.0.4"

"js-sha3@0.5.7":
  "integrity" "sha1-DU/9gALVMzqrr0oj7tL2N0yfKOc="
  "resolved" "https://registry.npmjs.org/js-sha3/-/js-sha3-0.5.7.tgz"
  "version" "0.5.7"

"make-error@^1.1.1":
  "integrity" "sha512-s8UhlNe7vPKomQhC1qFelMokr/Sc3AgNbso3n74mVPA5LTZwkB9NlXf4XPamLxJE8h0gh73rM94xvwRT2CVInw=="
  "resolved" "https://registry.npmjs.org/make-error/-/make-error-1.3.6.tgz"
  "version" "1.3.6"

"minimalistic-assert@^1.0.0", "minimalistic-assert@^1.0.1":
  "integrity" "sha512-UtJcAD4yEaGtjPezWuO9wC4nwUnVH/8/Im3yEHQP4b67cXlD/Qr9hdITCU1xDbSEXg2XKNaP8jsReV7vQd00/A=="
  "resolved" "https://registry.npmjs.org/minimalistic-assert/-/minimalistic-assert-1.0.1.tgz"
  "version" "1.0.1"

"minimalistic-crypto-utils@^1.0.1":
  "integrity" "sha1-9sAMHAsIIkblxNmd+4x8CDsrWCo="
  "resolved" "https://registry.npmjs.org/minimalistic-crypto-utils/-/minimalistic-crypto-utils-1.0.1.tgz"
  "version" "1.0.1"

"scrypt-js@3.0.1":
  "integrity" "sha512-cdwTTnqPu0Hyvf5in5asVdZocVDTNRmR7XEcJuIzMjJeSHybHl7vpB66AzwTaIg6CLSbtjcxc8fqcySfnTkccA=="
  "resolved" "https://registry.npmjs.org/scrypt-js/-/scrypt-js-3.0.1.tgz"
  "version" "3.0.1"

"source-map-support@^0.5.17":
  "integrity" "sha512-Wonm7zOCIJzBGQdB+thsPar0kYuCIzYvxZwlBa87yi/Mdjv7Tip2cyVbLj5o0cFPN4EVkuTwb3GDDyUx2DGnGw=="
  "resolved" "https://registry.npmjs.org/source-map-support/-/source-map-support-0.5.19.tgz"
  "version" "0.5.19"
  dependencies:
    "buffer-from" "^1.0.0"
    "source-map" "^0.6.0"

"source-map@^0.6.0":
  "integrity" "sha512-UjgapumWlbMhkBgzT7Ykc5YXUT46F0iKu8SGXq0bcwP5dz/h0Plj6enJqjz1Zbq2l5WaqYnrVbwWOWMyF3F47g=="
  "resolved" "https://registry.npmjs.org/source-map/-/source-map-0.6.1.tgz"
  "version" "0.6.1"

"supports-color@^7.1.0":
  "integrity" "sha512-qpCAvRl9stuOHveKsn7HncJRvv501qIacKzQlO/+Lwxc9+0q2wLyv4Dfvt80/DPn2pqOBsJdDiogXGR9+OvwRw=="
  "resolved" "https://registry.npmjs.org/supports-color/-/supports-color-7.2.0.tgz"
  "version" "7.2.0"
  dependencies:
    "has-flag" "^4.0.0"

"synthetix@file:..":
  "resolved" "file:.."
  "version" "2.45.2"
  dependencies:
    "abi-decoder" "2.3.0"
    "commander" "5.1.0"
    "pretty-error" "^2.1.1"
    "solidity-parser-antlr" "^0.4.11"
    "web3-utils" "1.2.2"

"ts-node@^10.0.0":
  "integrity" "sha512-ROWeOIUvfFbPZkoDis0L/55Fk+6gFQNZwwKPLinacRl6tsxstTF1DbAcLKkovwnpKMVvOMHP1TIbnwXwtLg1gg=="
  "resolved" "https://registry.npmjs.org/ts-node/-/ts-node-10.0.0.tgz"
  "version" "10.0.0"
  dependencies:
    "@tsconfig/node10" "^1.0.7"
    "@tsconfig/node12" "^1.0.7"
    "@tsconfig/node14" "^1.0.0"
    "@tsconfig/node16" "^1.0.1"
    "arg" "^4.1.0"
    "create-require" "^1.1.0"
    "diff" "^4.0.1"
    "make-error" "^1.1.1"
    "source-map-support" "^0.5.17"
    "yn" "3.1.1"

"typescript@^4.3.2", "typescript@>=2.7":
  "integrity" "sha512-zZ4hShnmnoVnAHpVHWpTcxdv7dWP60S2FsydQLV8V5PbS3FifjWFFRiHSWpDJahly88PRyV5teTSLoq4eG7mKw=="
  "resolved" "https://registry.npmjs.org/typescript/-/typescript-4.3.2.tgz"
  "version" "4.3.2"

"ws@7.2.3":
  "integrity" "sha512-HTDl9G9hbkNDk98naoR/cHDws7+EyYMOdL1BmjsZXRUjf7d+MficC4B7HLUPlSiho0vg+CWKrGIt/VJBd1xunQ=="
  "resolved" "https://registry.npmjs.org/ws/-/ws-7.2.3.tgz"
  "version" "7.2.3"

"yn@3.1.1":
  "integrity" "sha512-Ux4ygGWsu2c7isFWe8Yu1YluJmqVhxqK2cLXNQA5AcC3QfbGNpM7fu0Y8b/z16pXLnFxZYvWhd3fhBY9DLmC6Q=="
  "resolved" "https://registry.npmjs.org/yn/-/yn-3.1.1.tgz"
  "version" "3.1.1"
